
Microsoft Visual Studio Solution File, Format Version 12.00
# Visual Studio Version 16
VisualStudioVersion = 16.0.29418.71
MinimumVisualStudioVersion = 10.0.40219.1
Project("{9A19103F-16F7-4668-BE54-9A1E7A4F7556}") = "MyCookbook.Api", "MyCookbook.Api\MyCookbook.Api.csproj", "{451CE35B-0C6B-4C2E-ABA2-40974B48967A}"
EndProject
Project("{2150E333-8FDC-42A3-9474-1A3956D46DE8}") = "Server", "Server", "{9EA31DB6-0477-4613-9B33-2F91B8A98D5F}"
EndProject
Project("{FAE04EC0-301F-11D3-BF4B-00C04F79EFBC}") = "MyCookbook.Data", "MyCookbook.Data\MyCookbook.Data.csproj", "{CC9036F8-6BFB-437E-A486-856E58747A91}"
EndProject
Project("{FAE04EC0-301F-11D3-BF4B-00C04F79EFBC}") = "MyCookbook.Data.Core", "MyCookbook.Data.Core\MyCookbook.Data.Core.csproj", "{D3E192AB-B15C-4205-BFD1-2674EE7984A1}"
EndProject
Global
	GlobalSection(SolutionConfigurationPlatforms) = preSolution
		Debug|Any CPU = Debug|Any CPU
		Release|Any CPU = Release|Any CPU
	EndGlobalSection
	GlobalSection(ProjectConfigurationPlatforms) = postSolution
		{451CE35B-0C6B-4C2E-ABA2-40974B48967A}.Debug|Any CPU.ActiveCfg = Debug|Any CPU
		{451CE35B-0C6B-4C2E-ABA2-40974B48967A}.Debug|Any CPU.Build.0 = Debug|Any CPU
		{451CE35B-0C6B-4C2E-ABA2-40974B48967A}.Release|Any CPU.ActiveCfg = Release|Any CPU
		{451CE35B-0C6B-4C2E-ABA2-40974B48967A}.Release|Any CPU.Build.0 = Release|Any CPU
		{CC9036F8-6BFB-437E-A486-856E58747A91}.Debug|Any CPU.ActiveCfg = Debug|Any CPU
		{CC9036F8-6BFB-437E-A486-856E58747A91}.Debug|Any CPU.Build.0 = Debug|Any CPU
		{CC9036F8-6BFB-437E-A486-856E58747A91}.Release|Any CPU.ActiveCfg = Release|Any CPU
		{CC9036F8-6BFB-437E-A486-856E58747A91}.Release|Any CPU.Build.0 = Release|Any CPU
		{D3E192AB-B15C-4205-BFD1-2674EE7984A1}.Debug|Any CPU.ActiveCfg = Debug|Any CPU
		{D3E192AB-B15C-4205-BFD1-2674EE7984A1}.Debug|Any CPU.Build.0 = Debug|Any CPU
		{D3E192AB-B15C-4205-BFD1-2674EE7984A1}.Release|Any CPU.ActiveCfg = Release|Any CPU
		{D3E192AB-B15C-4205-BFD1-2674EE7984A1}.Release|Any CPU.Build.0 = Release|Any CPU
	EndGlobalSection
	GlobalSection(SolutionProperties) = preSolution
		HideSolutionNode = FALSE
	EndGlobalSection
	GlobalSection(NestedProjects) = preSolution
		{451CE35B-0C6B-4C2E-ABA2-40974B48967A} = {9EA31DB6-0477-4613-9B33-2F91B8A98D5F}
		{CC9036F8-6BFB-437E-A486-856E58747A91} = {9EA31DB6-0477-4613-9B33-2F91B8A98D5F}
		{D3E192AB-B15C-4205-BFD1-2674EE7984A1} = {9EA31DB6-0477-4613-9B33-2F91B8A98D5F}
	EndGlobalSection
	GlobalSection(ExtensibilityGlobals) = postSolution
		SolutionGuid = {3C228401-9EAD-4DDA-B347-173454F34C42}
	EndGlobalSection
EndGlobal
